
Microsoft Visual Studio Solution File, Format Version 12.00
# Visual Studio Version 16
VisualStudioVersion = 16.0.31410.357
MinimumVisualStudioVersion = 10.0.40219.1
Project("{FAE04EC0-301F-11D3-BF4B-00C04F79EFBC}") = "Inheritance.HastaneOtomasyonu", "Inheritance.HastaneOtomasyonu\Inheritance.HastaneOtomasyonu.csproj", "{22F128AA-AC49-4CAB-B5A3-9D5E85BEEDE9}"
EndProject
Project("{FAE04EC0-301F-11D3-BF4B-00C04F79EFBC}") = "Inheritance.HastaneOtomasyonu.CommonTools", "Inheritance.HastaneOtomasyonu.CommonTools\Inheritance.HastaneOtomasyonu.CommonTools.csproj", "{340A1821-B39A-4C1E-9CD2-9C6430295404}"
EndProject
Project("{FAE04EC0-301F-11D3-BF4B-00C04F79EFBC}") = "Inheritance.KonuAnlatimi", "Inheritance.KonuAnlatimi\Inheritance.KonuAnlatimi.csproj", "{83F49D34-1D7F-47A9-9439-553360C6E95D}"
EndProject
Global
	GlobalSection(SolutionConfigurationPlatforms) = preSolution
		Debug|Any CPU = Debug|Any CPU
		Release|Any CPU = Release|Any CPU
	EndGlobalSection
	GlobalSection(ProjectConfigurationPlatforms) = postSolution
		{22F128AA-AC49-4CAB-B5A3-9D5E85BEEDE9}.Debug|Any CPU.ActiveCfg = Debug|Any CPU
		{22F128AA-AC49-4CAB-B5A3-9D5E85BEEDE9}.Debug|Any CPU.Build.0 = Debug|Any CPU
		{22F128AA-AC49-4CAB-B5A3-9D5E85BEEDE9}.Release|Any CPU.ActiveCfg = Release|Any CPU
		{22F128AA-AC49-4CAB-B5A3-9D5E85BEEDE9}.Release|Any CPU.Build.0 = Release|Any CPU
		{340A1821-B39A-4C1E-9CD2-9C6430295404}.Debug|Any CPU.ActiveCfg = Debug|Any CPU
		{340A1821-B39A-4C1E-9CD2-9C6430295404}.Debug|Any CPU.Build.0 = Debug|Any CPU
		{340A1821-B39A-4C1E-9CD2-9C6430295404}.Release|Any CPU.ActiveCfg = Release|Any CPU
		{340A1821-B39A-4C1E-9CD2-9C6430295404}.Release|Any CPU.Build.0 = Release|Any CPU
		{83F49D34-1D7F-47A9-9439-553360C6E95D}.Debug|Any CPU.ActiveCfg = Debug|Any CPU
		{83F49D34-1D7F-47A9-9439-553360C6E95D}.Debug|Any CPU.Build.0 = Debug|Any CPU
		{83F49D34-1D7F-47A9-9439-553360C6E95D}.Release|Any CPU.ActiveCfg = Release|Any CPU
		{83F49D34-1D7F-47A9-9439-553360C6E95D}.Release|Any CPU.Build.0 = Release|Any CPU
	EndGlobalSection
	GlobalSection(SolutionProperties) = preSolution
		HideSolutionNode = FALSE
	EndGlobalSection
	GlobalSection(ExtensibilityGlobals) = postSolution
		SolutionGuid = {807CC75B-66D6-44ED-9E80-BB81C06EC5EB}
	EndGlobalSection
EndGlobal
